
Microsoft Visual Studio Solution File, Format Version 12.00
# Visual Studio Version 17
VisualStudioVersion = 17.4.33205.214
MinimumVisualStudioVersion = 10.0.40219.1
Project("{2150E333-8FDC-42A3-9474-1A3956D46DE8}") = "BackEnd", "BackEnd", "{F9C84CE8-3E4B-4EDD-9AA1-8272F1489296}"
EndProject
Project("{2150E333-8FDC-42A3-9474-1A3956D46DE8}") = "FrontEnd", "FrontEnd", "{A5704C00-B9A1-48CC-9F5E-DA272ECDDDAD}"
EndProject
Project("{9A19103F-16F7-4668-BE54-9A1E7A4F7556}") = "TweetApp.Api", "Backend\TweetApp.Api\TweetApp.Api.csproj", "{1F526C2A-2DAB-4962-9B4E-0DE2DA581B76}"
EndProject
Project("{9A19103F-16F7-4668-BE54-9A1E7A4F7556}") = "TweetApp.Model", "Backend\TweetApp.Model\TweetApp.Model.csproj", "{DBF53628-2726-49D7-8195-AFB253F05CC9}"
EndProject
Project("{9A19103F-16F7-4668-BE54-9A1E7A4F7556}") = "TweetApp.Repository", "Backend\TweetApp.Repository\TweetApp.Repository.csproj", "{10D75F63-35E4-4D53-A81A-40D7BC383E74}"
EndProject
Project("{9A19103F-16F7-4668-BE54-9A1E7A4F7556}") = "TweetApp.Service", "Backend\TweetApp.Service\TweetApp.Service.csproj", "{94D63B11-255B-469C-8F84-68EFC8E6CA8D}"
EndProject
Project("{54A90642-561A-4BB1-A94E-469ADEE60C69}") = "tweetapp", "FrontEnd\tweetapp\tweetapp.esproj", "{AB87C71C-2331-4AAC-91BE-D1C4ABC42B11}"
EndProject
Project("{E53339B2-1760-4266-BCC7-CA923CBCF16C}") = "docker-compose", "docker-compose.dcproj", "{38545CBD-762E-4800-BBB6-F9035CCEBEE0}"
EndProject
Global
	GlobalSection(SolutionConfigurationPlatforms) = preSolution
		Debug|Any CPU = Debug|Any CPU
		Release|Any CPU = Release|Any CPU
	EndGlobalSection
	GlobalSection(ProjectConfigurationPlatforms) = postSolution
		{1F526C2A-2DAB-4962-9B4E-0DE2DA581B76}.Debug|Any CPU.ActiveCfg = Debug|Any CPU
		{1F526C2A-2DAB-4962-9B4E-0DE2DA581B76}.Debug|Any CPU.Build.0 = Debug|Any CPU
		{1F526C2A-2DAB-4962-9B4E-0DE2DA581B76}.Release|Any CPU.ActiveCfg = Release|Any CPU
		{1F526C2A-2DAB-4962-9B4E-0DE2DA581B76}.Release|Any CPU.Build.0 = Release|Any CPU
		{DBF53628-2726-49D7-8195-AFB253F05CC9}.Debug|Any CPU.ActiveCfg = Debug|Any CPU
		{DBF53628-2726-49D7-8195-AFB253F05CC9}.Debug|Any CPU.Build.0 = Debug|Any CPU
		{DBF53628-2726-49D7-8195-AFB253F05CC9}.Release|Any CPU.ActiveCfg = Release|Any CPU
		{DBF53628-2726-49D7-8195-AFB253F05CC9}.Release|Any CPU.Build.0 = Release|Any CPU
		{10D75F63-35E4-4D53-A81A-40D7BC383E74}.Debug|Any CPU.ActiveCfg = Debug|Any CPU
		{10D75F63-35E4-4D53-A81A-40D7BC383E74}.Debug|Any CPU.Build.0 = Debug|Any CPU
		{10D75F63-35E4-4D53-A81A-40D7BC383E74}.Release|Any CPU.ActiveCfg = Release|Any CPU
		{10D75F63-35E4-4D53-A81A-40D7BC383E74}.Release|Any CPU.Build.0 = Release|Any CPU
		{94D63B11-255B-469C-8F84-68EFC8E6CA8D}.Debug|Any CPU.ActiveCfg = Debug|Any CPU
		{94D63B11-255B-469C-8F84-68EFC8E6CA8D}.Debug|Any CPU.Build.0 = Debug|Any CPU
		{94D63B11-255B-469C-8F84-68EFC8E6CA8D}.Release|Any CPU.ActiveCfg = Release|Any CPU
		{94D63B11-255B-469C-8F84-68EFC8E6CA8D}.Release|Any CPU.Build.0 = Release|Any CPU
		{AB87C71C-2331-4AAC-91BE-D1C4ABC42B11}.Debug|Any CPU.ActiveCfg = Debug|Any CPU
		{AB87C71C-2331-4AAC-91BE-D1C4ABC42B11}.Debug|Any CPU.Build.0 = Debug|Any CPU
		{AB87C71C-2331-4AAC-91BE-D1C4ABC42B11}.Debug|Any CPU.Deploy.0 = Debug|Any CPU
		{AB87C71C-2331-4AAC-91BE-D1C4ABC42B11}.Release|Any CPU.ActiveCfg = Release|Any CPU
		{AB87C71C-2331-4AAC-91BE-D1C4ABC42B11}.Release|Any CPU.Build.0 = Release|Any CPU
		{AB87C71C-2331-4AAC-91BE-D1C4ABC42B11}.Release|Any CPU.Deploy.0 = Release|Any CPU
		{38545CBD-762E-4800-BBB6-F9035CCEBEE0}.Debug|Any CPU.ActiveCfg = Debug|Any CPU
		{38545CBD-762E-4800-BBB6-F9035CCEBEE0}.Debug|Any CPU.Build.0 = Debug|Any CPU
		{38545CBD-762E-4800-BBB6-F9035CCEBEE0}.Release|Any CPU.ActiveCfg = Release|Any CPU
		{38545CBD-762E-4800-BBB6-F9035CCEBEE0}.Release|Any CPU.Build.0 = Release|Any CPU
	EndGlobalSection
	GlobalSection(SolutionProperties) = preSolution
		HideSolutionNode = FALSE
	EndGlobalSection
	GlobalSection(NestedProjects) = preSolution
		{1F526C2A-2DAB-4962-9B4E-0DE2DA581B76} = {F9C84CE8-3E4B-4EDD-9AA1-8272F1489296}
		{DBF53628-2726-49D7-8195-AFB253F05CC9} = {F9C84CE8-3E4B-4EDD-9AA1-8272F1489296}
		{10D75F63-35E4-4D53-A81A-40D7BC383E74} = {F9C84CE8-3E4B-4EDD-9AA1-8272F1489296}
		{94D63B11-255B-469C-8F84-68EFC8E6CA8D} = {F9C84CE8-3E4B-4EDD-9AA1-8272F1489296}
		{AB87C71C-2331-4AAC-91BE-D1C4ABC42B11} = {A5704C00-B9A1-48CC-9F5E-DA272ECDDDAD}
	EndGlobalSection
	GlobalSection(ExtensibilityGlobals) = postSolution
		SolutionGuid = {19351C44-9846-4372-8432-7972A13BD027}
	EndGlobalSection
EndGlobal
